
Microsoft Visual Studio Solution File, Format Version 12.00
# Visual Studio 2013
VisualStudioVersion = 12.0.30110.0
MinimumVisualStudioVersion = 10.0.40219.1
Project("{FAE04EC0-301F-11D3-BF4B-00C04F79EFBC}") = "Validation.Core", "Validation.Core\Validation.Core.csproj", "{80A138BE-CD6E-44D6-A9FF-684E96485C39}"
EndProject
Project("{FAE04EC0-301F-11D3-BF4B-00C04F79EFBC}") = "Validation.Scratch", "Validation.Scratch\Validation.Scratch.csproj", "{940CF6D2-A801-4F71-872A-5F7F9AF5D21F}"
EndProject
Project("{FAE04EC0-301F-11D3-BF4B-00C04F79EFBC}") = "Validation.Test", "Validation.Test\Validation.Test.csproj", "{188E6A7D-65D0-4F61-A765-0E0C20DAFFA5}"
EndProject
Project("{2150E333-8FDC-42A3-9474-1A3956D46DE8}") = "Solution Items", "Solution Items", "{5F62B6C6-2A31-49B5-B4AC-AE65C91EAFE7}"
	ProjectSection(SolutionItems) = preProject
		Validation.runsettings = Validation.runsettings
	EndProjectSection
EndProject
Global
	GlobalSection(SolutionConfigurationPlatforms) = preSolution
		Debug|Any CPU = Debug|Any CPU
		Debug|Mixed Platforms = Debug|Mixed Platforms
		Debug|x86 = Debug|x86
		Release|Any CPU = Release|Any CPU
		Release|Mixed Platforms = Release|Mixed Platforms
		Release|x86 = Release|x86
	EndGlobalSection
	GlobalSection(ProjectConfigurationPlatforms) = postSolution
		{80A138BE-CD6E-44D6-A9FF-684E96485C39}.Debug|Any CPU.ActiveCfg = Debug|x86
		{80A138BE-CD6E-44D6-A9FF-684E96485C39}.Debug|Mixed Platforms.ActiveCfg = Debug|x86
		{80A138BE-CD6E-44D6-A9FF-684E96485C39}.Debug|Mixed Platforms.Build.0 = Debug|x86
		{80A138BE-CD6E-44D6-A9FF-684E96485C39}.Debug|x86.ActiveCfg = Debug|x86
		{80A138BE-CD6E-44D6-A9FF-684E96485C39}.Debug|x86.Build.0 = Debug|x86
		{80A138BE-CD6E-44D6-A9FF-684E96485C39}.Release|Any CPU.ActiveCfg = Release|x86
		{80A138BE-CD6E-44D6-A9FF-684E96485C39}.Release|Mixed Platforms.ActiveCfg = Release|x86
		{80A138BE-CD6E-44D6-A9FF-684E96485C39}.Release|Mixed Platforms.Build.0 = Release|x86
		{80A138BE-CD6E-44D6-A9FF-684E96485C39}.Release|x86.ActiveCfg = Release|x86
		{80A138BE-CD6E-44D6-A9FF-684E96485C39}.Release|x86.Build.0 = Release|x86
		{940CF6D2-A801-4F71-872A-5F7F9AF5D21F}.Debug|Any CPU.ActiveCfg = Debug|x86
		{940CF6D2-A801-4F71-872A-5F7F9AF5D21F}.Debug|Mixed Platforms.ActiveCfg = Debug|x86
		{940CF6D2-A801-4F71-872A-5F7F9AF5D21F}.Debug|Mixed Platforms.Build.0 = Debug|x86
		{940CF6D2-A801-4F71-872A-5F7F9AF5D21F}.Debug|x86.ActiveCfg = Debug|x86
		{940CF6D2-A801-4F71-872A-5F7F9AF5D21F}.Debug|x86.Build.0 = Debug|x86
		{940CF6D2-A801-4F71-872A-5F7F9AF5D21F}.Release|Any CPU.ActiveCfg = Release|x86
		{940CF6D2-A801-4F71-872A-5F7F9AF5D21F}.Release|Mixed Platforms.ActiveCfg = Release|x86
		{940CF6D2-A801-4F71-872A-5F7F9AF5D21F}.Release|Mixed Platforms.Build.0 = Release|x86
		{940CF6D2-A801-4F71-872A-5F7F9AF5D21F}.Release|x86.ActiveCfg = Release|x86
		{940CF6D2-A801-4F71-872A-5F7F9AF5D21F}.Release|x86.Build.0 = Release|x86
		{188E6A7D-65D0-4F61-A765-0E0C20DAFFA5}.Debug|Any CPU.ActiveCfg = Debug|Any CPU
		{188E6A7D-65D0-4F61-A765-0E0C20DAFFA5}.Debug|Any CPU.Build.0 = Debug|Any CPU
		{188E6A7D-65D0-4F61-A765-0E0C20DAFFA5}.Debug|Mixed Platforms.ActiveCfg = Debug|Any CPU
		{188E6A7D-65D0-4F61-A765-0E0C20DAFFA5}.Debug|Mixed Platforms.Build.0 = Debug|Any CPU
		{188E6A7D-65D0-4F61-A765-0E0C20DAFFA5}.Debug|x86.ActiveCfg = Debug|Any CPU
		{188E6A7D-65D0-4F61-A765-0E0C20DAFFA5}.Release|Any CPU.ActiveCfg = Release|Any CPU
		{188E6A7D-65D0-4F61-A765-0E0C20DAFFA5}.Release|Any CPU.Build.0 = Release|Any CPU
		{188E6A7D-65D0-4F61-A765-0E0C20DAFFA5}.Release|Mixed Platforms.ActiveCfg = Release|Any CPU
		{188E6A7D-65D0-4F61-A765-0E0C20DAFFA5}.Release|Mixed Platforms.Build.0 = Release|Any CPU
		{188E6A7D-65D0-4F61-A765-0E0C20DAFFA5}.Release|x86.ActiveCfg = Release|Any CPU
	EndGlobalSection
	GlobalSection(SolutionProperties) = preSolution
		HideSolutionNode = FALSE
	EndGlobalSection
EndGlobal
